{
  "version": 4,
  "terraform_version": "0.14.11",
  "serial": 1,
  "lineage": "34268c94-f4d3-6246-dc90-38ca1623a844",
  "outputs": {},
  "resources": [
    {
      "mode": "managed",
      "type": "github_repository",
      "name": "test",
      "provider": "provider[\"registry.terraform.io/integrations/github\"]",
      "instances": [
        {
          "schema_version": 0,
          "attributes": {
            "allow_merge_commit": false,
            "allow_rebase_merge": false,
            "allow_squash_merge": false,
            "archive_on_destroy": null,
            "archived": false,
            "auto_init": false,
            "default_branch": "master",
            "delete_branch_on_merge": false,
            "description": "",
            "etag": "W/\"f811b6f85781b766645183c12b55338b5488d473bb9db759220a75b734e094a9\"",
            "full_name": "LiuAndLiu/experiment-GHA",
            "git_clone_url": "git://github.com/LiuAndLiu/experiment-GHA.git",
            "gitignore_template": null,
            "has_downloads": true,
            "has_issues": true,
            "has_projects": true,
            "has_wiki": true,
            "homepage_url": "",
            "html_url": "https://github.com/LiuAndLiu/experiment-GHA",
            "http_clone_url": "https://github.com/LiuAndLiu/experiment-GHA.git",
            "id": "experiment-GHA",
            "is_template": false,
            "license_template": null,
            "name": "experiment-GHA",
            "node_id": "MDEwOlJlcG9zaXRvcnkzODgzMDQ0NjU=",
            "pages": [],
            "private": false,
            "repo_id": 388304465,
            "ssh_clone_url": "git@github.com:LiuAndLiu/experiment-GHA.git",
            "svn_url": "https://github.com/LiuAndLiu/experiment-GHA",
            "template": [],
            "topics": [],
            "visibility": "public",
            "vulnerability_alerts": false
          },
          "sensitive_attributes": [],
          "private": "eyJzY2hlbWFfdmVyc2lvbiI6IjAifQ=="
        }
      ]
    }
  ]
}
