{
  "version": 4,
  "terraform_version": "0.14.11",
  "serial": 4,
  "lineage": "34268c94-f4d3-6246-dc90-38ca1623a844",
  "outputs": {
    "public_key": {
      "value": {
        "id": "568250167242549743",
        "key": "7TFB18GwkdTPXsyNFH2QitLLwFp3GQDbHArnWKse4U8=",
        "key_id": "568250167242549743",
        "repository": "experiment-GHA"
      },
      "type": [
        "object",
        {
          "id": "string",
          "key": "string",
          "key_id": "string",
          "repository": "string"
        }
      ]
    }
  },
  "resources": [
    {
      "mode": "data",
      "type": "github_actions_public_key",
      "name": "example_public_key",
      "provider": "provider[\"registry.terraform.io/integrations/github\"]",
      "instances": [
        {
          "schema_version": 0,
          "attributes": {
            "id": "568250167242549743",
            "key": "7TFB18GwkdTPXsyNFH2QitLLwFp3GQDbHArnWKse4U8=",
            "key_id": "568250167242549743",
            "repository": "experiment-GHA"
          },
          "sensitive_attributes": []
        }
      ]
    },
    {
      "mode": "managed",
      "type": "github_actions_secret",
      "name": "secret_test",
      "provider": "provider[\"registry.terraform.io/integrations/github\"]",
      "instances": [
        {
          "schema_version": 0,
          "attributes": {
            "created_at": "2021-08-19 23:55:39 +0000 UTC",
            "encrypted_value": "ykaUjBBif/vnCXjxD0D2fkYStjDEbduOCTGNdziVzSvMByjzuIw3unL1QLVZeOODQ8wQQA==",
            "id": "experiment-GHA:test",
            "plaintext_value": "",
            "repository": "experiment-GHA",
            "secret_name": "test",
            "updated_at": "2021-08-19 23:55:39 +0000 UTC"
          },
          "sensitive_attributes": [],
          "private": "bnVsbA==",
          "dependencies": [
            "github_repository.test"
          ]
        }
      ]
    },
    {
      "mode": "managed",
      "type": "github_actions_secret",
      "name": "secret_test_2",
      "provider": "provider[\"registry.terraform.io/integrations/github\"]",
      "instances": [
        {
          "schema_version": 0,
          "attributes": {
            "created_at": "2021-08-19 23:55:38 +0000 UTC",
            "encrypted_value": "",
            "id": "experiment-GHA:test2",
            "plaintext_value": "dGVzdDIK",
            "repository": "experiment-GHA",
            "secret_name": "test2",
            "updated_at": "2021-08-19 23:55:38 +0000 UTC"
          },
          "sensitive_attributes": [],
          "private": "bnVsbA==",
          "dependencies": [
            "github_repository.test"
          ]
        }
      ]
    },
    {
      "mode": "managed",
      "type": "github_repository",
      "name": "test",
      "provider": "provider[\"registry.terraform.io/integrations/github\"]",
      "instances": [
        {
          "schema_version": 0,
          "attributes": {
            "allow_merge_commit": true,
            "allow_rebase_merge": true,
            "allow_squash_merge": true,
            "archive_on_destroy": null,
            "archived": false,
            "auto_init": false,
            "default_branch": "master",
            "delete_branch_on_merge": false,
            "description": "",
            "etag": "W/\"35e0321978bb0514bc2845d35b3b342c1fcfe3379dcf0948ac5e2b7de778c65c\"",
            "full_name": "LiuAndLiu/experiment-GHA",
            "git_clone_url": "git://github.com/LiuAndLiu/experiment-GHA.git",
            "gitignore_template": null,
            "has_downloads": true,
            "has_issues": true,
            "has_projects": true,
            "has_wiki": true,
            "homepage_url": "",
            "html_url": "https://github.com/LiuAndLiu/experiment-GHA",
            "http_clone_url": "https://github.com/LiuAndLiu/experiment-GHA.git",
            "id": "experiment-GHA",
            "is_template": false,
            "license_template": null,
            "name": "experiment-GHA",
            "node_id": "MDEwOlJlcG9zaXRvcnkzODgzMDQ0NjU=",
            "pages": [],
            "private": false,
            "repo_id": 388304465,
            "ssh_clone_url": "git@github.com:LiuAndLiu/experiment-GHA.git",
            "svn_url": "https://github.com/LiuAndLiu/experiment-GHA",
            "template": [],
            "topics": [],
            "visibility": "public",
            "vulnerability_alerts": false
          },
          "sensitive_attributes": [],
          "private": "eyJzY2hlbWFfdmVyc2lvbiI6IjAifQ=="
        }
      ]
    }
  ]
}
