{
  "version": 4,
  "terraform_version": "0.14.11",
  "serial": 7,
  "lineage": "cd56793d-857e-74b9-6396-4339037e7aa5",
  "outputs": {},
  "resources": [
    {
      "mode": "managed",
      "type": "github_repository",
      "name": "experiment-gha",
      "provider": "provider[\"registry.terraform.io/integrations/github\"]",
      "instances": [
        {
          "schema_version": 0,
          "attributes": {
            "allow_merge_commit": true,
            "allow_rebase_merge": true,
            "allow_squash_merge": true,
            "archive_on_destroy": null,
            "archived": false,
            "auto_init": true,
            "default_branch": "main",
            "delete_branch_on_merge": false,
            "description": "",
            "etag": "W/\"f3f42281c0de36781806a20be95a939bb231a1d80b282f62b51407a55c1f9fb8\"",
            "full_name": "LiuAndLiu/template",
            "git_clone_url": "git://github.com/LiuAndLiu/template.git",
            "gitignore_template": null,
            "has_downloads": false,
            "has_issues": false,
            "has_projects": false,
            "has_wiki": false,
            "homepage_url": "",
            "html_url": "https://github.com/LiuAndLiu/template",
            "http_clone_url": "https://github.com/LiuAndLiu/template.git",
            "id": "template",
            "is_template": false,
            "license_template": null,
            "name": "template",
            "node_id": "MDEwOlJlcG9zaXRvcnkzOTk4MTI5Mzc=",
            "pages": [],
            "private": false,
            "repo_id": 399812937,
            "ssh_clone_url": "git@github.com:LiuAndLiu/template.git",
            "svn_url": "https://github.com/LiuAndLiu/template",
            "template": [],
            "topics": null,
            "visibility": "public",
            "vulnerability_alerts": false
          },
          "sensitive_attributes": [],
          "private": "bnVsbA=="
        }
      ]
    }
  ]
}
